
Microsoft Visual Studio Solution File, Format Version 12.00
# Visual Studio Version 17
VisualStudioVersion = 17.7.34031.279
MinimumVisualStudioVersion = 10.0.40219.1
Project("{FAE04EC0-301F-11D3-BF4B-00C04F79EFBC}") = "CardGame", "CardGame\CardGame.csproj", "{FFF0EA7A-C400-47E6-961B-03EAA8E1CCEA}"
EndProject
Global
	GlobalSection(SolutionConfigurationPlatforms) = preSolution
		Debug|Any CPU = Debug|Any CPU
		Release|Any CPU = Release|Any CPU
	EndGlobalSection
	GlobalSection(ProjectConfigurationPlatforms) = postSolution
		{FFF0EA7A-C400-47E6-961B-03EAA8E1CCEA}.Debug|Any CPU.ActiveCfg = Debug|Any CPU
		{FFF0EA7A-C400-47E6-961B-03EAA8E1CCEA}.Debug|Any CPU.Build.0 = Debug|Any CPU
		{FFF0EA7A-C400-47E6-961B-03EAA8E1CCEA}.Release|Any CPU.ActiveCfg = Release|Any CPU
		{FFF0EA7A-C400-47E6-961B-03EAA8E1CCEA}.Release|Any CPU.Build.0 = Release|Any CPU
	EndGlobalSection
	GlobalSection(SolutionProperties) = preSolution
		HideSolutionNode = FALSE
	EndGlobalSection
	GlobalSection(ExtensibilityGlobals) = postSolution
		SolutionGuid = {D56A05B3-7B97-4DF1-B559-A11B389ADDD7}
	EndGlobalSection
EndGlobal
